
Microsoft Visual Studio Solution File, Format Version 12.00
# Visual Studio Version 17
VisualStudioVersion = 17.0.32014.148
MinimumVisualStudioVersion = 10.0.40219.1
Project("{FAE04EC0-301F-11D3-BF4B-00C04F79EFBC}") = "Arduino", "Arduino\Arduino.csproj", "{9B03D894-DB1D-4A6C-94B6-6340A09E5A20}"
EndProject
Global
	GlobalSection(SolutionConfigurationPlatforms) = preSolution
		Debug|Any CPU = Debug|Any CPU
		Release|Any CPU = Release|Any CPU
	EndGlobalSection
	GlobalSection(ProjectConfigurationPlatforms) = postSolution
		{9B03D894-DB1D-4A6C-94B6-6340A09E5A20}.Debug|Any CPU.ActiveCfg = Debug|Any CPU
		{9B03D894-DB1D-4A6C-94B6-6340A09E5A20}.Debug|Any CPU.Build.0 = Debug|Any CPU
		{9B03D894-DB1D-4A6C-94B6-6340A09E5A20}.Debug|Any CPU.Deploy.0 = Debug|Any CPU
		{9B03D894-DB1D-4A6C-94B6-6340A09E5A20}.Release|Any CPU.ActiveCfg = Release|Any CPU
		{9B03D894-DB1D-4A6C-94B6-6340A09E5A20}.Release|Any CPU.Build.0 = Release|Any CPU
		{9B03D894-DB1D-4A6C-94B6-6340A09E5A20}.Release|Any CPU.Deploy.0 = Release|Any CPU
	EndGlobalSection
	GlobalSection(SolutionProperties) = preSolution
		HideSolutionNode = FALSE
	EndGlobalSection
	GlobalSection(ExtensibilityGlobals) = postSolution
		SolutionGuid = {92F11EB3-CA38-4201-AADD-46714D15D639}
	EndGlobalSection
EndGlobal
